shylinux.com/x/creackpty v0.0.1 h1:o+qDE39jFsHLZB9BRAm0EI6qScjw5PuvdkROqhTcupM=
shylinux.com/x/creackpty v0.0.1/go.mod h1:d7DnPv3oGc23WlzrN8hW7p88wNLPAO/XG4ICVEq96i0=
shylinux.com/x/go-qrcode v0.0.1 h1:/eOGqMj1qtgs9Ymd12zTUa1gcJZs9S92kj2lb0QzKsE=
shylinux.com/x/go-qrcode v0.0.1/go.mod h1:KAbtU+KwiiABMZ/CJ0zh9PI2AX82Uf9rRYcQ4ODm4po=
shylinux.com/x/go-sql-mysql v0.0.1 h1:VX5SrwLBKzfkRouj39LgJ9reIXOWmMsScRpr+e0qdp0=
shylinux.com/x/go-sql-mysql v0.0.1/go.mod h1:47OfAZK24HRJMy7dAu/jrksGCf9yzJaAUFwWYjhDFDA=
shylinux.com/x/gogit v0.0.4/go.mod h1:wYfHxpQT1C8yNV+yC1jStIy0I12bfUCyJARhn0sNn1M=
shylinux.com/x/gogit v0.0.5 h1:EeC6avHpYnAXJDoyVLtFGLF67WN0TU0tfbNN5aPH5ok=
shylinux.com/x/gogit v0.0.5/go.mod h1:wYfHxpQT1C8yNV+yC1jStIy0I12bfUCyJARhn0sNn1M=
shylinux.com/x/golang-story v0.5.3 h1:9OWxkqK5rNZuzuqMN2lp74+sx3Li+pDPzdCH3HcmZFg=
shylinux.com/x/golang-story v0.5.3/go.mod h1:ZD5KNN4Ti2mGYnhYu5v2cIrAkRD+rQ7XnweUgNR9nGE=
shylinux.com/x/ice v1.1.9/go.mod h1:rf0Edqyl6ThNMelp6L5pCXV5vgnKHqXdIBB/wKhOQ3c=
shylinux.com/x/ice v1.2.0 h1:/UY5XLznBflvALzYvJfKuLjyFqaZdiflR/jSF8NQHkY=
shylinux.com/x/ice v1.2.0/go.mod h1:zBP0J6nulV1KyhCt1LHiEgnVvQAZV9RAsVNnfk7/2Cw=
shylinux.com/x/icebergs v1.4.4/go.mod h1:1rLRBp6yiLW0Y5QtOs3hhV6lwZ3P1Kf/XUhuroh2+kk=
shylinux.com/x/icebergs v1.4.6 h1:mBqgifvOeKyNhRBeaGAFe/tgk4GIW1IjsGzsvrDq+cs=
shylinux.com/x/icebergs v1.4.6/go.mod h1:1rLRBp6yiLW0Y5QtOs3hhV6lwZ3P1Kf/XUhuroh2+kk=
shylinux.com/x/linux-story v0.5.1 h1:VSWC3WhlvPGQJCcm2g0486BVL5vkCdRns3aiuKx1Tt0=
shylinux.com/x/linux-story v0.5.1/go.mod h1:jUuuplsjrrCGK34VPHCRv2xjuX6suFDnwq5Ajc+ob2c=
shylinux.com/x/mysql-story v0.5.4 h1:1ntV1vINXaCuErg3D7pTZ89XdP9jHO3cnEv3KlymLmM=
shylinux.com/x/mysql-story v0.5.4/go.mod h1:fGFb9DNT2B7xjFDUIsCnqadJvZTKj5aZgopBp3SXpzo=
shylinux.com/x/nginx-story v0.5.4 h1:RH0ZkZDWOtskkMXesotxfzJJkF5K1VYd0mHEogVTfNw=
shylinux.com/x/nginx-story v0.5.4/go.mod h1:DvzEMptnOAS1BMeeP46U3hJZLGIrEickI+jgRKv8Eho=
shylinux.com/x/redis-story v0.5.5 h1:Q1ij2jceborQYhp4/cJmB3wlKOL3pCmXFah3Vdh+4gE=
shylinux.com/x/redis-story v0.5.5/go.mod h1:9+sHuVj2Hpk+g2v3RAv0d77W6a0TUC8aeFBqxES/TAo=
shylinux.com/x/toolkits v0.7.1 h1:XzF7lyKBtb9xzqgRDODf5cEDFoQKeOZnB1ARkMZWyKs=
shylinux.com/x/toolkits v0.7.1/go.mod h1:8LbYHe7oxBIqb6s4MSOD+4d28QvPdvkyCVtwB/JW7AA=
shylinux.com/x/websocket v0.0.1 h1:OBc21DxqsGlQ2+Pz76xqLyDNo1LV+PUUqfWi+1PZPDE=
shylinux.com/x/websocket v0.0.1/go.mod h1:AaSpMToOxbMULKQytzczeHPuqb708vK1vrAzCxLo/XE=
shylinux.com/x/webview v0.0.1 h1:84waIh8MnBFA2sCA9CqE2aTGBZz26pS7JlizgKi9IGU=
shylinux.com/x/webview v0.0.1/go.mod h1:4QYVOgAZyyoCghh0ByuAXqfcuFWCJQY3F7Ss2x3N/cQ=
