shylinux.com/x/creackpty v0.0.1 h1:o+qDE39jFsHLZB9BRAm0EI6qScjw5PuvdkROqhTcupM=
shylinux.com/x/creackpty v0.0.1/go.mod h1:d7DnPv3oGc23WlzrN8hW7p88wNLPAO/XG4ICVEq96i0=
shylinux.com/x/go-qrcode v0.0.1 h1:/eOGqMj1qtgs9Ymd12zTUa1gcJZs9S92kj2lb0QzKsE=
shylinux.com/x/go-qrcode v0.0.1/go.mod h1:KAbtU+KwiiABMZ/CJ0zh9PI2AX82Uf9rRYcQ4ODm4po=
shylinux.com/x/go-sql-mysql v0.0.1 h1:VX5SrwLBKzfkRouj39LgJ9reIXOWmMsScRpr+e0qdp0=
shylinux.com/x/go-sql-mysql v0.0.1/go.mod h1:47OfAZK24HRJMy7dAu/jrksGCf9yzJaAUFwWYjhDFDA=
shylinux.com/x/golang-story v0.5.0 h1:aQqDi+oSuO/+Lu7U6f09nYtJDG+a3GfH8m5EucWDJPs=
shylinux.com/x/golang-story v0.5.0/go.mod h1:FhEorVLXmYWeT8GHQm4Y0fe1rJktkgDRSZqjmz1h9ko=
shylinux.com/x/ice v1.1.4 h1:eKiNZo6fuTxof2QDSf38CdKADezPWUwOhM0WCZoQjZI=
shylinux.com/x/ice v1.1.4/go.mod h1:V8XUK8XAdJZtUeHhNdgRhpr8RYIZZ01LMNYctAhypFg=
shylinux.com/x/icebergs v1.3.9 h1:C33Osa4jIFAhMEI3oNWJTwd94mN4XXWcsqDA+1hHTdU=
shylinux.com/x/icebergs v1.3.9/go.mod h1:u+fkB1ovw75sINYbGQufbgKLoNteEQzaGhjItpX9jpM=
shylinux.com/x/linux-story v0.4.8 h1:PgOeB1xL3LFvHTs1LM3y+zYXYRJYkGNgV6ZhTxqpvJE=
shylinux.com/x/linux-story v0.4.8/go.mod h1:AnfK2xSCjHD7E11Ei9kxSwci0MRqJvoJp1xmWe/Ff2M=
shylinux.com/x/mysql-story v0.5.1 h1:W8iXh/LyAvxmuXFotSlOh/6zVovZQK18U6fEqDIIuJA=
shylinux.com/x/mysql-story v0.5.1/go.mod h1:ad2UY1xuvh+Vz4N9NXJtDQ3i8Ugd4cyUBH3mNUJawq0=
shylinux.com/x/nginx-story v0.5.1 h1:+T3YzswFO3jzdqd58dJKAvSgMXmOnfqL3n/ypaLlJS4=
shylinux.com/x/nginx-story v0.5.1/go.mod h1:OhV4RjMoEH3XRcM0B08s0s9L7ga9426NsuNRUmwUtmk=
shylinux.com/x/redis-story v0.5.2 h1:07J9HrxQVs6eIfWVztNJEAtV8r7PGHwao18pRP/bRZM=
shylinux.com/x/redis-story v0.5.2/go.mod h1:dDhGOPqYegK8DGfa5lbBi0FKvDn93nc8rNUWbeA9vuk=
shylinux.com/x/toolkits v0.6.9 h1:/TWk89zZjdkOv4PQe3H19wtkgUqA90g406FsI16dAEY=
shylinux.com/x/toolkits v0.6.9/go.mod h1:8LbYHe7oxBIqb6s4MSOD+4d28QvPdvkyCVtwB/JW7AA=
shylinux.com/x/websocket v0.0.1 h1:OBc21DxqsGlQ2+Pz76xqLyDNo1LV+PUUqfWi+1PZPDE=
shylinux.com/x/websocket v0.0.1/go.mod h1:AaSpMToOxbMULKQytzczeHPuqb708vK1vrAzCxLo/XE=
