shylinux.com/x/go-git/v5 v5.6.5 h1:PCsK8F6RqBhlxP7b9/WRNlqZRNLdlzXIRW2wY+ZWU/8=
shylinux.com/x/go-git/v5 v5.6.5/go.mod h1:ACsPql4xUpodEJLKmqYNi6w8LuOOL6IHDhlxV+HGKAM=
shylinux.com/x/go-qrcode v0.0.3 h1:RMo+Vidbgq3HatLBj7DDXcTbTLFUwzis5K7TqBkD38U=
shylinux.com/x/go-qrcode v0.0.3/go.mod h1:KAbtU+KwiiABMZ/CJ0zh9PI2AX82Uf9rRYcQ4ODm4po=
shylinux.com/x/ice v1.3.6 h1:qmNKRMh6DbHAcxaVacqXh4pKI11WMLEeGsXidpM1GZ8=
shylinux.com/x/ice v1.3.6/go.mod h1:LfD3rNLHUV5XcgQ5z+HUby0xUTKIE7pOOEIEwcGROT8=
shylinux.com/x/icebergs v1.5.14 h1:OSwzNCVFrRIkqIKhVn48+1+P6rurwqiYjG5lVnCsUXY=
shylinux.com/x/icebergs v1.5.14/go.mod h1:XwGquuO6PgTSbldGit9HxGsBE/qOR8G2cNhejLgKFk8=
shylinux.com/x/icons v0.0.3 h1:DVLk7u8coFJPINqeUUJ7Js23wRv0IqG8ZA/Rhd47Zgw=
shylinux.com/x/icons v0.0.3/go.mod h1:re1CLv3CGPE3199WdvPoD8vWA5Nn4FjXw6fpXBzpFig=
shylinux.com/x/toolkits v0.7.7 h1:2wNIYDkngTcFDBKaMg9i91liQotnJgsbxjaN8sxnrno=
shylinux.com/x/toolkits v0.7.7/go.mod h1:CHDJarGlDkg60kVsvMLYL/a5hAnRLEOShiEsMOuEp0Q=
shylinux.com/x/websocket v0.0.3 h1:edhLwCp0Mv1ITXqIwbVWdXdX2+vui/jRnS25K89k68I=
shylinux.com/x/websocket v0.0.3/go.mod h1:3UGWkjTu3ie5NAZen7J+uLPBrO7DFeKloj6Jxo13Oiw=
shylinux.com/x/webview v0.0.2 h1:T0f2sDdiMCdDPjYwD1WS64ASBGwvZKPZkxDQ84d+ZQs=
shylinux.com/x/webview v0.0.2/go.mod h1:QJwPiwlFlvrntxO4Q3X0bj3Z1ysGRDiy7MZ8hYUmJ9g=
