shylinux.com/x/creackpty v0.0.1 h1:o+qDE39jFsHLZB9BRAm0EI6qScjw5PuvdkROqhTcupM=
shylinux.com/x/creackpty v0.0.1/go.mod h1:d7DnPv3oGc23WlzrN8hW7p88wNLPAO/XG4ICVEq96i0=
shylinux.com/x/go-qrcode v0.0.1 h1:/eOGqMj1qtgs9Ymd12zTUa1gcJZs9S92kj2lb0QzKsE=
shylinux.com/x/go-qrcode v0.0.1/go.mod h1:KAbtU+KwiiABMZ/CJ0zh9PI2AX82Uf9rRYcQ4ODm4po=
shylinux.com/x/go-sql-mysql v0.0.1 h1:VX5SrwLBKzfkRouj39LgJ9reIXOWmMsScRpr+e0qdp0=
shylinux.com/x/go-sql-mysql v0.0.1/go.mod h1:47OfAZK24HRJMy7dAu/jrksGCf9yzJaAUFwWYjhDFDA=
shylinux.com/x/golang-story v0.4.7 h1:nqN6JAAszO6Jbin6qEnwOTt7qSH0ljrLAvCbDrHHCRQ=
shylinux.com/x/golang-story v0.4.7/go.mod h1:Itpd4Auan1LYwAY40Rkb1cEUFReJ/711b3qbR30cJH0=
shylinux.com/x/ice v1.0.8 h1:PSbA4Vqs7ZL8OCOTjEVoHPYwwQYPOu1YBsX+HwPAz98=
shylinux.com/x/ice v1.0.8/go.mod h1:m1r5vrBF9WRileC+vCZqZxS1lAtO0ISlDC/coNcnDBg=
shylinux.com/x/ice v1.1.0 h1:2g71SJjaItaQnhJf1YaHHvCO6nb0ffyiLuyEkT5Nrz8=
shylinux.com/x/ice v1.1.0/go.mod h1:PYhIN34Yyalw3zP1X6ZDNHOga2wsvrEakMdt+0OOJE0=
shylinux.com/x/icebergs v1.3.3 h1:P5LUAf1ivT0kIueIj8MsjV/uF0705u2ig/4bRrLS6XI=
shylinux.com/x/icebergs v1.3.3/go.mod h1:4RlyPPPE2Ao54peovChY8hYK5bXNpBRwIw1YZKOZWk8=
shylinux.com/x/icebergs v1.3.4 h1:2SQdKVJh7j5wsKXUJhQO6eOycd33JwHVr6uiLsYzXNk=
shylinux.com/x/icebergs v1.3.4/go.mod h1:+pQRJZfprVQCU92mQahI+T6PbZAgMflJiZnx50NDBt8=
shylinux.com/x/linux-story v0.4.5/go.mod h1:G9JYEfxGDpsjX28rTgDfoBUzZQC+wPcdAkLtiPC7EsU=
shylinux.com/x/mysql-story v0.4.8 h1:hQDtDEWhEJloInGazgoQFckHuWawn8PxWQQLIs+RCnA=
shylinux.com/x/mysql-story v0.4.8/go.mod h1:qK3mvn+s6i81nYNG16QV3CqFZZ09+c5T0vQDjSkoC2E=
shylinux.com/x/nginx-story v0.4.8 h1:QSx928tUdHXJKC7I6CR5SreNayprDYv4BxA7ETz95G4=
shylinux.com/x/nginx-story v0.4.8/go.mod h1:WirYm33lKIs99At2nzSaiWWzuzjrhWdPx4sGi18r/vE=
shylinux.com/x/redis-story v0.4.9 h1:X2wVMDRoqiM9Gc8GYQr8sR11Wea+z45l8CQGQo3Nk3Q=
shylinux.com/x/redis-story v0.4.9/go.mod h1:MOzt0jhewLdaioZ+itJcWc0KSCmwvGVX+97Q63rC+Nw=
shylinux.com/x/toolkits v0.6.7 h1:d9xN4ClsVt0qTWGJT7tt1RWHcS5yiJqurUHGpY93cRI=
shylinux.com/x/toolkits v0.6.7/go.mod h1:8LbYHe7oxBIqb6s4MSOD+4d28QvPdvkyCVtwB/JW7AA=
shylinux.com/x/toolkits v0.6.8 h1:orbOTJE43HoXrUaqai/dAPYb0E1z1sVrJFEDSNXIZE4=
shylinux.com/x/toolkits v0.6.8/go.mod h1:8LbYHe7oxBIqb6s4MSOD+4d28QvPdvkyCVtwB/JW7AA=
shylinux.com/x/websocket v0.0.1 h1:OBc21DxqsGlQ2+Pz76xqLyDNo1LV+PUUqfWi+1PZPDE=
shylinux.com/x/websocket v0.0.1/go.mod h1:AaSpMToOxbMULKQytzczeHPuqb708vK1vrAzCxLo/XE=
